
Microsoft Visual Studio Solution File, Format Version 12.00
# Visual Studio Version 17
VisualStudioVersion = 17.6.33723.286
MinimumVisualStudioVersion = 10.0.40219.1
Project("{FAE04EC0-301F-11D3-BF4B-00C04F79EFBC}") = "Lesson_1", "Lesson_1\Lesson_1.csproj", "{41FE6F0A-E152-4436-A242-B808E10E8563}"
EndProject
Project("{FAE04EC0-301F-11D3-BF4B-00C04F79EFBC}") = "StrLength", "Massive and Cycles\StrLength.csproj", "{C009C93B-A626-4151-85AE-58301BC43BB6}"
EndProject
Project("{FAE04EC0-301F-11D3-BF4B-00C04F79EFBC}") = "StrToUPPER", "Cancatination\StrToUPPER.csproj", "{74AB36DA-0425-40BF-B227-34B7E879CD76}"
EndProject
Project("{FAE04EC0-301F-11D3-BF4B-00C04F79EFBC}") = "strCountINT", "whileForDO\strCountINT.csproj", "{4463F82F-D513-4FA2-8620-1EF2AF990055}"
EndProject
Project("{FAE04EC0-301F-11D3-BF4B-00C04F79EFBC}") = "Switch test", "Switch test\Switch test.csproj", "{0DDB1B3C-D8F6-4B4F-A72C-6D86245E4CC2}"
EndProject
Project("{FAE04EC0-301F-11D3-BF4B-00C04F79EFBC}") = "ARRAYLIST", "ARRAYLIST\ARRAYLIST.csproj", "{D51CA674-07F4-4459-AB91-73CDDF8DC872}"
EndProject
Project("{FAE04EC0-301F-11D3-BF4B-00C04F79EFBC}") = "if else", "if else\if else.csproj", "{CD1B1C65-0F95-4E27-9F76-D3AE80AC7FB8}"
EndProject
Project("{FAE04EC0-301F-11D3-BF4B-00C04F79EFBC}") = "createMethod", "createMethod\createMethod.csproj", "{1DFCC878-7413-4BC8-8526-14A11361DB51}"
EndProject
Project("{FAE04EC0-301F-11D3-BF4B-00C04F79EFBC}") = "FirstGAME", "FirstGAME\FirstGAME.csproj", "{800FFFBC-C397-4E96-B1E5-9601588044A1}"
EndProject
Project("{9A19103F-16F7-4668-BE54-9A1E7A4F7556}") = "ArraylistTEST2", "ArraylistTEST2\ArraylistTEST2.csproj", "{94270953-7666-491B-B351-654A06CE95D4}"
EndProject
Project("{FAE04EC0-301F-11D3-BF4B-00C04F79EFBC}") = "ConsoleARRAY", "ConsoleARRAY\ConsoleARRAY.csproj", "{9FF8BF35-BA7B-4858-95AD-23C82DCD8C55}"
EndProject
Project("{FAE04EC0-301F-11D3-BF4B-00C04F79EFBC}") = "ARRAY_LINK", "ARRAY_LINK\ARRAY_LINK.csproj", "{E03C8DBF-1ABB-4A80-BC83-327CB0DF46A9}"
EndProject
Project("{FAE04EC0-301F-11D3-BF4B-00C04F79EFBC}") = "PACMAN", "PACMAN\PACMAN.csproj", "{E0583B57-29B3-4F32-8BA5-2FC49F25144A}"
EndProject
Project("{FAE04EC0-301F-11D3-BF4B-00C04F79EFBC}") = "HelloWorld", "HelloWorld\HelloWorld.csproj", "{E65B497C-C83F-4935-A3D9-903AA7B79F9B}"
EndProject
Project("{FAE04EC0-301F-11D3-BF4B-00C04F79EFBC}") = "Lightning", "Lightning\Lightning.csproj", "{91BD902E-F456-437E-A0C8-A5452580F63F}"
EndProject
Project("{FAE04EC0-301F-11D3-BF4B-00C04F79EFBC}") = "RADIUS", "RADIUS\RADIUS.csproj", "{937A9DA4-7E78-43C1-BFC0-191628635B3B}"
EndProject
Project("{FAE04EC0-301F-11D3-BF4B-00C04F79EFBC}") = "Bank Account", "Bank Account\Bank Account.csproj", "{D1581EFF-0529-4825-9188-29572CAD09D8}"
EndProject
Project("{FAE04EC0-301F-11D3-BF4B-00C04F79EFBC}") = "Person1", "Person1\Person1.csproj", "{5FBA5684-113F-44CD-8D55-9A99FA6B1249}"
EndProject
Project("{FAE04EC0-301F-11D3-BF4B-00C04F79EFBC}") = "AccountLibrary", "AccountLibrary\AccountLibrary.csproj", "{5C7A9D8E-E1D3-4BF1-935F-850BC2085507}"
EndProject
Global
	GlobalSection(SolutionConfigurationPlatforms) = preSolution
		Debug|Any CPU = Debug|Any CPU
		Release|Any CPU = Release|Any CPU
	EndGlobalSection
	GlobalSection(ProjectConfigurationPlatforms) = postSolution
		{41FE6F0A-E152-4436-A242-B808E10E8563}.Debug|Any CPU.ActiveCfg = Debug|Any CPU
		{41FE6F0A-E152-4436-A242-B808E10E8563}.Debug|Any CPU.Build.0 = Debug|Any CPU
		{41FE6F0A-E152-4436-A242-B808E10E8563}.Release|Any CPU.ActiveCfg = Release|Any CPU
		{41FE6F0A-E152-4436-A242-B808E10E8563}.Release|Any CPU.Build.0 = Release|Any CPU
		{C009C93B-A626-4151-85AE-58301BC43BB6}.Debug|Any CPU.ActiveCfg = Debug|Any CPU
		{C009C93B-A626-4151-85AE-58301BC43BB6}.Debug|Any CPU.Build.0 = Debug|Any CPU
		{C009C93B-A626-4151-85AE-58301BC43BB6}.Release|Any CPU.ActiveCfg = Release|Any CPU
		{C009C93B-A626-4151-85AE-58301BC43BB6}.Release|Any CPU.Build.0 = Release|Any CPU
		{74AB36DA-0425-40BF-B227-34B7E879CD76}.Debug|Any CPU.ActiveCfg = Debug|Any CPU
		{74AB36DA-0425-40BF-B227-34B7E879CD76}.Debug|Any CPU.Build.0 = Debug|Any CPU
		{74AB36DA-0425-40BF-B227-34B7E879CD76}.Release|Any CPU.ActiveCfg = Release|Any CPU
		{74AB36DA-0425-40BF-B227-34B7E879CD76}.Release|Any CPU.Build.0 = Release|Any CPU
		{4463F82F-D513-4FA2-8620-1EF2AF990055}.Debug|Any CPU.ActiveCfg = Debug|Any CPU
		{4463F82F-D513-4FA2-8620-1EF2AF990055}.Debug|Any CPU.Build.0 = Debug|Any CPU
		{4463F82F-D513-4FA2-8620-1EF2AF990055}.Release|Any CPU.ActiveCfg = Release|Any CPU
		{4463F82F-D513-4FA2-8620-1EF2AF990055}.Release|Any CPU.Build.0 = Release|Any CPU
		{0DDB1B3C-D8F6-4B4F-A72C-6D86245E4CC2}.Debug|Any CPU.ActiveCfg = Debug|Any CPU
		{0DDB1B3C-D8F6-4B4F-A72C-6D86245E4CC2}.Debug|Any CPU.Build.0 = Debug|Any CPU
		{0DDB1B3C-D8F6-4B4F-A72C-6D86245E4CC2}.Release|Any CPU.ActiveCfg = Release|Any CPU
		{0DDB1B3C-D8F6-4B4F-A72C-6D86245E4CC2}.Release|Any CPU.Build.0 = Release|Any CPU
		{D51CA674-07F4-4459-AB91-73CDDF8DC872}.Debug|Any CPU.ActiveCfg = Debug|Any CPU
		{D51CA674-07F4-4459-AB91-73CDDF8DC872}.Debug|Any CPU.Build.0 = Debug|Any CPU
		{D51CA674-07F4-4459-AB91-73CDDF8DC872}.Release|Any CPU.ActiveCfg = Release|Any CPU
		{D51CA674-07F4-4459-AB91-73CDDF8DC872}.Release|Any CPU.Build.0 = Release|Any CPU
		{CD1B1C65-0F95-4E27-9F76-D3AE80AC7FB8}.Debug|Any CPU.ActiveCfg = Debug|Any CPU
		{CD1B1C65-0F95-4E27-9F76-D3AE80AC7FB8}.Debug|Any CPU.Build.0 = Debug|Any CPU
		{CD1B1C65-0F95-4E27-9F76-D3AE80AC7FB8}.Release|Any CPU.ActiveCfg = Release|Any CPU
		{CD1B1C65-0F95-4E27-9F76-D3AE80AC7FB8}.Release|Any CPU.Build.0 = Release|Any CPU
		{1DFCC878-7413-4BC8-8526-14A11361DB51}.Debug|Any CPU.ActiveCfg = Debug|Any CPU
		{1DFCC878-7413-4BC8-8526-14A11361DB51}.Debug|Any CPU.Build.0 = Debug|Any CPU
		{1DFCC878-7413-4BC8-8526-14A11361DB51}.Release|Any CPU.ActiveCfg = Release|Any CPU
		{1DFCC878-7413-4BC8-8526-14A11361DB51}.Release|Any CPU.Build.0 = Release|Any CPU
		{800FFFBC-C397-4E96-B1E5-9601588044A1}.Debug|Any CPU.ActiveCfg = Debug|Any CPU
		{800FFFBC-C397-4E96-B1E5-9601588044A1}.Debug|Any CPU.Build.0 = Debug|Any CPU
		{800FFFBC-C397-4E96-B1E5-9601588044A1}.Release|Any CPU.ActiveCfg = Release|Any CPU
		{800FFFBC-C397-4E96-B1E5-9601588044A1}.Release|Any CPU.Build.0 = Release|Any CPU
		{94270953-7666-491B-B351-654A06CE95D4}.Debug|Any CPU.ActiveCfg = Debug|Any CPU
		{94270953-7666-491B-B351-654A06CE95D4}.Debug|Any CPU.Build.0 = Debug|Any CPU
		{94270953-7666-491B-B351-654A06CE95D4}.Release|Any CPU.ActiveCfg = Release|Any CPU
		{94270953-7666-491B-B351-654A06CE95D4}.Release|Any CPU.Build.0 = Release|Any CPU
		{9FF8BF35-BA7B-4858-95AD-23C82DCD8C55}.Debug|Any CPU.ActiveCfg = Debug|Any CPU
		{9FF8BF35-BA7B-4858-95AD-23C82DCD8C55}.Debug|Any CPU.Build.0 = Debug|Any CPU
		{9FF8BF35-BA7B-4858-95AD-23C82DCD8C55}.Release|Any CPU.ActiveCfg = Release|Any CPU
		{9FF8BF35-BA7B-4858-95AD-23C82DCD8C55}.Release|Any CPU.Build.0 = Release|Any CPU
		{E03C8DBF-1ABB-4A80-BC83-327CB0DF46A9}.Debug|Any CPU.ActiveCfg = Debug|Any CPU
		{E03C8DBF-1ABB-4A80-BC83-327CB0DF46A9}.Debug|Any CPU.Build.0 = Debug|Any CPU
		{E03C8DBF-1ABB-4A80-BC83-327CB0DF46A9}.Release|Any CPU.ActiveCfg = Release|Any CPU
		{E03C8DBF-1ABB-4A80-BC83-327CB0DF46A9}.Release|Any CPU.Build.0 = Release|Any CPU
		{E0583B57-29B3-4F32-8BA5-2FC49F25144A}.Debug|Any CPU.ActiveCfg = Debug|Any CPU
		{E0583B57-29B3-4F32-8BA5-2FC49F25144A}.Debug|Any CPU.Build.0 = Debug|Any CPU
		{E0583B57-29B3-4F32-8BA5-2FC49F25144A}.Release|Any CPU.ActiveCfg = Release|Any CPU
		{E0583B57-29B3-4F32-8BA5-2FC49F25144A}.Release|Any CPU.Build.0 = Release|Any CPU
		{E65B497C-C83F-4935-A3D9-903AA7B79F9B}.Debug|Any CPU.ActiveCfg = Debug|Any CPU
		{E65B497C-C83F-4935-A3D9-903AA7B79F9B}.Debug|Any CPU.Build.0 = Debug|Any CPU
		{E65B497C-C83F-4935-A3D9-903AA7B79F9B}.Release|Any CPU.ActiveCfg = Release|Any CPU
		{E65B497C-C83F-4935-A3D9-903AA7B79F9B}.Release|Any CPU.Build.0 = Release|Any CPU
		{91BD902E-F456-437E-A0C8-A5452580F63F}.Debug|Any CPU.ActiveCfg = Debug|Any CPU
		{91BD902E-F456-437E-A0C8-A5452580F63F}.Debug|Any CPU.Build.0 = Debug|Any CPU
		{91BD902E-F456-437E-A0C8-A5452580F63F}.Release|Any CPU.ActiveCfg = Release|Any CPU
		{91BD902E-F456-437E-A0C8-A5452580F63F}.Release|Any CPU.Build.0 = Release|Any CPU
		{937A9DA4-7E78-43C1-BFC0-191628635B3B}.Debug|Any CPU.ActiveCfg = Debug|Any CPU
		{937A9DA4-7E78-43C1-BFC0-191628635B3B}.Debug|Any CPU.Build.0 = Debug|Any CPU
		{937A9DA4-7E78-43C1-BFC0-191628635B3B}.Release|Any CPU.ActiveCfg = Release|Any CPU
		{937A9DA4-7E78-43C1-BFC0-191628635B3B}.Release|Any CPU.Build.0 = Release|Any CPU
		{D1581EFF-0529-4825-9188-29572CAD09D8}.Debug|Any CPU.ActiveCfg = Debug|Any CPU
		{D1581EFF-0529-4825-9188-29572CAD09D8}.Debug|Any CPU.Build.0 = Debug|Any CPU
		{D1581EFF-0529-4825-9188-29572CAD09D8}.Release|Any CPU.ActiveCfg = Release|Any CPU
		{D1581EFF-0529-4825-9188-29572CAD09D8}.Release|Any CPU.Build.0 = Release|Any CPU
		{5FBA5684-113F-44CD-8D55-9A99FA6B1249}.Debug|Any CPU.ActiveCfg = Debug|Any CPU
		{5FBA5684-113F-44CD-8D55-9A99FA6B1249}.Debug|Any CPU.Build.0 = Debug|Any CPU
		{5FBA5684-113F-44CD-8D55-9A99FA6B1249}.Release|Any CPU.ActiveCfg = Release|Any CPU
		{5FBA5684-113F-44CD-8D55-9A99FA6B1249}.Release|Any CPU.Build.0 = Release|Any CPU
		{5C7A9D8E-E1D3-4BF1-935F-850BC2085507}.Debug|Any CPU.ActiveCfg = Debug|Any CPU
		{5C7A9D8E-E1D3-4BF1-935F-850BC2085507}.Debug|Any CPU.Build.0 = Debug|Any CPU
		{5C7A9D8E-E1D3-4BF1-935F-850BC2085507}.Release|Any CPU.ActiveCfg = Release|Any CPU
		{5C7A9D8E-E1D3-4BF1-935F-850BC2085507}.Release|Any CPU.Build.0 = Release|Any CPU
	EndGlobalSection
	GlobalSection(SolutionProperties) = preSolution
		HideSolutionNode = FALSE
	EndGlobalSection
	GlobalSection(ExtensibilityGlobals) = postSolution
		SolutionGuid = {730D3D9E-D2D9-4FAA-B15E-2F388080998C}
	EndGlobalSection
EndGlobal
